{
  "version": 4,
  "terraform_version": "1.4.5",
  "serial": 1301,
  "lineage": "a7aba431-61d1-c10a-fed7-69e18aa8ffc0",
  "outputs": {},
  "resources": [
    {
      "mode": "managed",
      "type": "aws_route53_zone",
      "name": "primary",
      "provider": "provider[\"registry.terraform.io/hashicorp/aws\"]",
      "instances": [
        {
          "schema_version": 0,
          "attributes": {
            "arn": "arn:aws:route53:::hostedzone/Z04333023IJ7G2JUEJXMX",
            "comment": "Managed by Terraform",
            "delegation_set_id": "",
            "force_destroy": false,
            "id": "Z04333023IJ7G2JUEJXMX",
            "name": "trustsoft.beranm.cz",
            "name_servers": [
              "ns-1124.awsdns-12.org",
              "ns-159.awsdns-19.com",
              "ns-1862.awsdns-40.co.uk",
              "ns-624.awsdns-14.net"
            ],
            "primary_name_server": "ns-624.awsdns-14.net",
            "tags": {},
            "tags_all": {},
            "vpc": [],
            "zone_id": "Z04333023IJ7G2JUEJXMX"
          },
          "sensitive_attributes": [],
          "private": "bnVsbA=="
        }
      ]
    },
    {
      "mode": "managed",
      "type": "aws_s3_bucket",
      "name": "chart_museum_bucket",
      "provider": "provider[\"registry.terraform.io/hashicorp/aws\"]",
      "instances": [
        {
          "schema_version": 0,
          "attributes": {
            "acceleration_status": "",
            "acl": null,
            "arn": "arn:aws:s3:::chart-museum-5n1y92wq",
            "bucket": "chart-museum-5n1y92wq",
            "bucket_domain_name": "chart-museum-5n1y92wq.s3.amazonaws.com",
            "bucket_prefix": "",
            "bucket_regional_domain_name": "chart-museum-5n1y92wq.s3.eu-west-1.amazonaws.com",
            "cors_rule": [],
            "force_destroy": false,
            "grant": [
              {
                "id": "03675c19cb079400533bd465bf852a47d1329a280f8111ea44c1db7845d29f8b",
                "permissions": [
                  "FULL_CONTROL"
                ],
                "type": "CanonicalUser",
                "uri": ""
              }
            ],
            "hosted_zone_id": "Z1BKCTXD74EZPE",
            "id": "chart-museum-5n1y92wq",
            "lifecycle_rule": [],
            "logging": [],
            "object_lock_configuration": [],
            "object_lock_enabled": false,
            "policy": "",
            "region": "eu-west-1",
            "replication_configuration": [],
            "request_payer": "BucketOwner",
            "server_side_encryption_configuration": [
              {
                "rule": [
                  {
                    "apply_server_side_encryption_by_default": [
                      {
                        "kms_master_key_id": "",
                        "sse_algorithm": "AES256"
                      }
                    ],
                    "bucket_key_enabled": false
                  }
                ]
              }
            ],
            "tags": {},
            "tags_all": {},
            "timeouts": null,
            "versioning": [
              {
                "enabled": false,
                "mfa_delete": false
              }
            ],
            "website": [],
            "website_domain": null,
            "website_endpoint": null
          },
          "sensitive_attributes": [],
          "private": "eyJlMmJmYjczMC1lY2FhLTExZTYtOGY4OC0zNDM2M2JjN2M0YzAiOnsiY3JlYXRlIjoxMjAwMDAwMDAwMDAwLCJkZWxldGUiOjM2MDAwMDAwMDAwMDAsInJlYWQiOjEyMDAwMDAwMDAwMDAsInVwZGF0ZSI6MTIwMDAwMDAwMDAwMH19",
          "dependencies": [
            "random_string.chart_museum_bucket_suffix"
          ]
        }
      ]
    },
    {
      "mode": "managed",
      "type": "random_string",
      "name": "chart_museum_bucket_suffix",
      "provider": "provider[\"registry.terraform.io/hashicorp/random\"]",
      "instances": [
        {
          "schema_version": 2,
          "attributes": {
            "id": "5n1y92wq",
            "keepers": null,
            "length": 8,
            "lower": true,
            "min_lower": 0,
            "min_numeric": 0,
            "min_special": 0,
            "min_upper": 0,
            "number": true,
            "numeric": true,
            "override_special": null,
            "result": "5n1y92wq",
            "special": false,
            "upper": false
          },
          "sensitive_attributes": []
        }
      ]
    },
    {
      "module": "module.acm",
      "mode": "managed",
      "type": "aws_acm_certificate",
      "name": "this",
      "provider": "provider[\"registry.terraform.io/hashicorp/aws\"]",
      "instances": [
        {
          "index_key": 0,
          "schema_version": 0,
          "attributes": {
            "arn": "arn:aws:acm:eu-west-1:168194167032:certificate/92aa5e0c-5e43-4266-aab1-b59050c78225",
            "certificate_authority_arn": "",
            "certificate_body": null,
            "certificate_chain": null,
            "domain_name": "trustsoft.beranm.cz",
            "domain_validation_options": [
              {
                "domain_name": "*.trustsoft.beranm.cz",
                "resource_record_name": "_28de12f2db680f84b295e17ca64888de.trustsoft.beranm.cz.",
                "resource_record_type": "CNAME",
                "resource_record_value": "_7d35ee04760a0e6f743e1bb1e5fae0c0.fcgjwsnkyp.acm-validations.aws."
              },
              {
                "domain_name": "trustsoft.beranm.cz",
                "resource_record_name": "_28de12f2db680f84b295e17ca64888de.trustsoft.beranm.cz.",
                "resource_record_type": "CNAME",
                "resource_record_value": "_7d35ee04760a0e6f743e1bb1e5fae0c0.fcgjwsnkyp.acm-validations.aws."
              }
            ],
            "early_renewal_duration": "",
            "id": "arn:aws:acm:eu-west-1:168194167032:certificate/92aa5e0c-5e43-4266-aab1-b59050c78225",
            "key_algorithm": "RSA_2048",
            "not_after": "2024-06-12T23:59:59Z",
            "not_before": "2023-05-15T00:00:00Z",
            "options": [
              {
                "certificate_transparency_logging_preference": "ENABLED"
              }
            ],
            "pending_renewal": false,
            "private_key": null,
            "renewal_eligibility": "ELIGIBLE",
            "renewal_summary": [],
            "status": "ISSUED",
            "subject_alternative_names": [
              "*.trustsoft.beranm.cz",
              "trustsoft.beranm.cz"
            ],
            "tags": {},
            "tags_all": {},
            "type": "AMAZON_ISSUED",
            "validation_emails": [],
            "validation_method": "DNS",
            "validation_option": []
          },
          "sensitive_attributes": [],
          "private": "bnVsbA==",
          "create_before_destroy": true
        }
      ]
    },
    {
      "module": "module.vpc",
      "mode": "managed",
      "type": "aws_vpc",
      "name": "this",
      "provider": "provider[\"registry.terraform.io/hashicorp/aws\"]",
      "instances": [
        {
          "index_key": 0,
          "schema_version": 1,
          "attributes": {
            "arn": "arn:aws:ec2:eu-west-1:168194167032:vpc/vpc-001e527b017caafeb",
            "assign_generated_ipv6_cidr_block": false,
            "cidr_block": "10.0.0.0/16",
            "default_network_acl_id": "acl-0dc570365632cd3b1",
            "default_route_table_id": "rtb-0cced2b9d8a48c548",
            "default_security_group_id": "sg-08c8f9541af66a817",
            "dhcp_options_id": "dopt-31789b48",
            "enable_classiclink": false,
            "enable_classiclink_dns_support": false,
            "enable_dns_hostnames": true,
            "enable_dns_support": true,
            "enable_network_address_usage_metrics": false,
            "id": "vpc-001e527b017caafeb",
            "instance_tenancy": "default",
            "ipv4_ipam_pool_id": null,
            "ipv4_netmask_length": null,
            "ipv6_association_id": "",
            "ipv6_cidr_block": "",
            "ipv6_cidr_block_network_border_group": "",
            "ipv6_ipam_pool_id": "",
            "ipv6_netmask_length": 0,
            "main_route_table_id": "rtb-0cced2b9d8a48c548",
            "owner_id": "168194167032",
            "tags": {
              "Name": "beranm-testing-01"
            },
            "tags_all": {
              "Name": "beranm-testing-01"
            }
          },
          "sensitive_attributes": [],
          "private": "eyJzY2hlbWFfdmVyc2lvbiI6IjEifQ==",
          "create_before_destroy": true
        }
      ]
    }
  ],
  "check_results": null
}
